// !$*UTF8*$!
{
	archiveVersion = 1;
	classes = {
	};
	objectVersion = 48;
	objects = {

/* Begin PBXBuildFile section */
		1FC8F11B1FC5E3A1004EE87D /* AppDelegate.swift in Sources */ = {isa = PBXBuildFile; fileRef = 1FC8F11A1FC5E3A1004EE87D /* AppDelegate.swift */; };
		1FC8F11D1FC5E3A2004EE87D /* ViewController.swift in Sources */ = {isa = PBXBuildFile; fileRef = 1FC8F11C1FC5E3A2004EE87D /* ViewController.swift */; };
		1FC8F1201FC5E3A2004EE87D /* Main.storyboard in Resources */ = {isa = PBXBuildFile; fileRef = 1FC8F11E1FC5E3A2004EE87D /* Main.storyboard */; };
		1FC8F1221FC5E3A2004EE87D /* Assets.xcassets in Resources */ = {isa = PBXBuildFile; fileRef = 1FC8F1211FC5E3A2004EE87D /* Assets.xcassets */; };
		1FC8F1251FC5E3A2004EE87D /* LaunchScreen.storyboard in Resources */ = {isa = PBXBuildFile; fileRef = 1FC8F1231FC5E3A2004EE87D /* LaunchScreen.storyboard */; };
/* End PBXBuildFile section */

/* Begin PBXFileReference section */
		1FC8F1171FC5E3A1004EE87D /* AnimationsAutoLayoutConstraints.app */ = {isa = PBXFileReference; explicitFileType = wrapper.application; includeInIndex = 0; path = AnimationsAutoLayoutConstraints.app; sourceTree = BUILT_PRODUCTS_DIR; };
		1FC8F11A1FC5E3A1004EE87D /* AppDelegate.swift */ = {isa = PBXFileReference; lastKnownFileType = sourcecode.swift; path = AppDelegate.swift; sourceTree = "<group>"; };
		1FC8F11C1FC5E3A2004EE87D /* ViewController.swift */ = {isa = PBXFileReference; lastKnownFileType = sourcecode.swift; path = ViewController.swift; sourceTree = "<group>"; };
		1FC8F11F1FC5E3A2004EE87D /* Base */ = {isa = PBXFileReference; lastKnownFileType = file.storyboard; name = Base; path = Base.lproj/Main.storyboard; sourceTree = "<group>"; };
		1FC8F1211FC5E3A2004EE87D /* Assets.xcassets */ = {isa = PBXFileReference; lastKnownFileType = folder.assetcatalog; path = Assets.xcassets; sourceTree = "<group>"; };
		1FC8F1241FC5E3A2004EE87D /* Base */ = {isa = PBXFileReference; lastKnownFileType = file.storyboard; name = Base; path = Base.lproj/LaunchScreen.storyboard; sourceTree = "<group>"; };
		1FC8F1261FC5E3A2004EE87D /* Info.plist */ = {isa = PBXFileReference; lastKnownFileType = text.plist.xml; path = Info.plist; sourceTree = "<group>"; };
/* End PBXFileReference section */

/* Begin PBXFrameworksBuildPhase section */
		1FC8F1141FC5E3A1004EE87D /* Frameworks */ = {
			isa = PBXFrameworksBuildPhase;
			buildActionMask = 2147483647;
			files = (
			);
			runOnlyForDeploymentPostprocessing = 0;
		};
/* End PBXFrameworksBuildPhase section */

/* Begin PBXGroup section */
		1FC8F10E1FC5E3A1004EE87D = {
			isa = PBXGroup;
			children = (
				1FC8F1191FC5E3A1004EE87D /* AnimationsAutoLayoutConstraints */,
				1FC8F1181FC5E3A1004EE87D /* Products */,
			);
			sourceTree = "<group>";
		};
		1FC8F1181FC5E3A1004EE87D /* Products */ = {
			isa = PBXGroup;
			children = (
				1FC8F1171FC5E3A1004EE87D /* AnimationsAutoLayoutConstraints.app */,
			);
			name = Products;
			sourceTree = "<group>";
		};
		1FC8F1191FC5E3A1004EE87D /* AnimationsAutoLayoutConstraints */ = {
			isa = PBXGroup;
			children = (
				1FC8F11A1FC5E3A1004EE87D /* AppDelegate.swift */,
				1FC8F11C1FC5E3A2004EE87D /* ViewController.swift */,
				1FC8F11E1FC5E3A2004EE87D /* Main.storyboard */,
				1FC8F1211FC5E3A2004EE87D /* Assets.xcassets */,
				1FC8F1231FC5E3A2004EE87D /* LaunchScreen.storyboard */,
				1FC8F1261FC5E3A2004EE87D /* Info.plist */,
			);
			path = AnimationsAutoLayoutConstraints;
			sourceTree = "<group>";
		};
/* End PBXGroup section */

/* Begin PBXNativeTarget section */
		1FC8F1161FC5E3A1004EE87D /* AnimationsAutoLayoutConstraints */ = {
			isa = PBXNativeTarget;
			buildConfigurationList = 1FC8F1291FC5E3A2004EE87D /* Build configuration list for PBXNativeTarget "AnimationsAutoLayoutConstraints" */;
			buildPhases = (
				1FC8F1131FC5E3A1004EE87D /* Sources */,
				1FC8F1141FC5E3A1004EE87D /* Frameworks */,
				1FC8F1151FC5E3A1004EE87D /* Resources */,
			);
			buildRules = (
			);
			dependencies = (
			);
			name = AnimationsAutoLayoutConstraints;
			productName = AnimationsAutoLayoutConstraints;
			productReference = 1FC8F1171FC5E3A1004EE87D /* AnimationsAutoLayoutConstraints.app */;
			productType = "com.apple.product-type.application";
		};
/* End PBXNativeTarget section */

/* Begin PBXProject section */
		1FC8F10F1FC5E3A1004EE87D /* Project object */ = {
			isa = PBXProject;
			attributes = {
				LastSwiftUpdateCheck = 0910;
				LastUpgradeCheck = 0910;
				ORGANIZATIONNAME = "Nuno Pereira";
				TargetAttributes = {
					1FC8F1161FC5E3A1004EE87D = {
						CreatedOnToolsVersion = 9.1;
						ProvisioningStyle = Automatic;
					};
				};
			};
			buildConfigurationList = 1FC8F1121FC5E3A1004EE87D /* Build configuration list for PBXProject "AnimationsAutoLayoutConstraints" */;
			compatibilityVersion = "Xcode 8.0";
			developmentRegion = en;
			hasScannedForEncodings = 0;
			knownRegions = (
				en,
				Base,
			);
			mainGroup = 1FC8F10E1FC5E3A1004EE87D;
			productRefGroup = 1FC8F1181FC5E3A1004EE87D /* Products */;
			projectDirPath = "";
			projectRoot = "";
			targets = (
				1FC8F1161FC5E3A1004EE87D /* AnimationsAutoLayoutConstraints */,
			);
		};
/* End PBXProject section */

/* Begin PBXResourcesBuildPhase section */
		1FC8F1151FC5E3A1004EE87D /* Resources */ = {
			isa = PBXResourcesBuildPhase;
			buildActionMask = 2147483647;
			files = (
				1FC8F1251FC5E3A2004EE87D /* LaunchScreen.storyboard in Resources */,
				1FC8F1221FC5E3A2004EE87D /* Assets.xcassets in Resources */,
				1FC8F1201FC5E3A2004EE87D /* Main.storyboard in Resources */,
			);
			runOnlyForDeploymentPostprocessing = 0;
		};
/* End PBXResourcesBuildPhase section */

/* Begin PBXSourcesBuildPhase section */
		1FC8F1131FC5E3A1004EE87D /* Sources */ = {
			isa = PBXSourcesBuildPhase;
			buildActionMask = 2147483647;
			files = (
				1FC8F11D1FC5E3A2004EE87D /* ViewController.swift in Sources */,
				1FC8F11B1FC5E3A1004EE87D /* AppDelegate.swift in Sources */,
			);
			runOnlyForDeploymentPostprocessing = 0;
		};
/* End PBXSourcesBuildPhase section */

/* Begin PBXVariantGroup section */
		1FC8F11E1FC5E3A2004EE87D /* Main.storyboard */ = {
			isa = PBXVariantGroup;
			children = (
				1FC8F11F1FC5E3A2004EE87D /* Base */,
			);
			name = Main.storyboard;
			sourceTree = "<group>";
		};
		1FC8F1231FC5E3A2004EE87D /* LaunchScreen.storyboard */ = {
			isa = PBXVariantGroup;
			children = (
				1FC8F1241FC5E3A2004EE87D /* Base */,
			);
			name = LaunchScreen.storyboard;
			sourceTree = "<group>";
		};
/* End PBXVariantGroup section */

/* Begin XCBuildConfiguration section */
		1FC8F1271FC5E3A2004EE87D /* Debug */ = {
			isa = XCBuildConfiguration;
			buildSettings = {
				ALWAYS_SEARCH_USER_PATHS = NO;
				CLANG_ANALYZER_NONNULL = YES;
				CLANG_ANALYZER_NUMBER_OBJECT_CONVERSION = YES_AGGRESSIVE;
				CLANG_CXX_LANGUAGE_STANDARD = "gnu++14";
				CLANG_CXX_LIBRARY = "libc++";
				CLANG_ENABLE_MODULES = YES;
				CLANG_ENABLE_OBJC_ARC = YES;
				CLANG_WARN_BLOCK_CAPTURE_AUTORELEASING = YES;
				CLANG_WARN_BOOL_CONVERSION = YES;
				CLANG_WARN_COMMA = YES;
				CLANG_WARN_CONSTANT_CONVERSION = YES;
				CLANG_WARN_DIRECT_OBJC_ISA_USAGE = YES_ERROR;
				CLANG_WARN_DOCUMENTATION_COMMENTS = YES;
				CLANG_WARN_EMPTY_BODY = YES;
				CLANG_WARN_ENUM_CONVERSION = YES;
				CLANG_WARN_INFINITE_RECURSION = YES;
				CLANG_WARN_INT_CONVERSION = YES;
				CLANG_WARN_NON_LITERAL_NULL_CONVERSION = YES;
				CLANG_WARN_OBJC_LITERAL_CONVERSION = YES;
				CLANG_WARN_OBJC_ROOT_CLASS = YES_ERROR;
				CLANG_WARN_RANGE_LOOP_ANALYSIS = YES;
				CLANG_WARN_STRICT_PROTOTYPES = YES;
				CLANG_WARN_SUSPICIOUS_MOVE = YES;
				CLANG_WARN_UNGUARDED_AVAILABILITY = YES_AGGRESSIVE;
				CLANG_WARN_UNREACHABLE_CODE = YES;
				CLANG_WARN__DUPLICATE_METHOD_MATCH = YES;
				CODE_SIGN_IDENTITY = "iPhone Developer";
				COPY_PHASE_STRIP = NO;
				DEBUG_INFORMATION_FORMAT = dwarf;
				ENABLE_STRICT_OBJC_MSGSEND = YES;
				ENABLE_TESTABILITY = YES;
				GCC_C_LANGUAGE_STANDARD = gnu11;
				GCC_DYNAMIC_NO_PIC = NO;
				GCC_NO_COMMON_BLOCKS = YES;
				GCC_OPTIMIZATION_LEVEL = 0;
				GCC_PREPROCESSOR_DEFINITIONS = (
					"DEBUG=1",
					"$(inherited)",
				);
				GCC_WARN_64_TO_32_BIT_CONVERSION = YES;
				GCC_WARN_ABOUT_RETURN_TYPE = YES_ERROR;
				GCC_WARN_UNDECLARED_SELECTOR = YES;
				GCC_WARN_UNINITIALIZED_AUTOS = YES_AGGRESSIVE;
				GCC_WARN_UNUSED_FUNCTION = YES;
				GCC_WARN_UNUSED_VARIABLE = YES;
				IPHONEOS_DEPLOYMENT_TARGET = 11.1;
				MTL_ENABLE_DEBUG_INFO = YES;
				ONLY_ACTIVE_ARCH = YES;
				SDKROOT = iphoneos;
				SWIFT_ACTIVE_COMPILATION_CONDITIONS = DEBUG;
				SWIFT_OPTIMIZATION_LEVEL = "-Onone";
			};
			name = Debug;
		};
		1FC8F1281FC5E3A2004EE87D /* Release */ = {
			isa = XCBuildConfiguration;
			buildSettings = {
				ALWAYS_SEARCH_USER_PATHS = NO;
				CLANG_ANALYZER_NONNULL = YES;
				CLANG_ANALYZER_NUMBER_OBJECT_CONVERSION = YES_AGGRESSIVE;
				CLANG_CXX_LANGUAGE_STANDARD = "gnu++14";
				CLANG_CXX_LIBRARY = "libc++";
				CLANG_ENABLE_MODULES = YES;
				CLANG_ENABLE_OBJC_ARC = YES;
				CLANG_WARN_BLOCK_CAPTURE_AUTORELEASING = YES;
				CLANG_WARN_BOOL_CONVERSION = YES;
				CLANG_WARN_COMMA = YES;
				CLANG_WARN_CONSTANT_CONVERSION = YES;
				CLANG_WARN_DIRECT_OBJC_ISA_USAGE = YES_ERROR;
				CLANG_WARN_DOCUMENTATION_COMMENTS = YES;
				CLANG_WARN_EMPTY_BODY = YES;
				CLANG_WARN_ENUM_CONVERSION = YES;
				CLANG_WARN_INFINITE_RECURSION = YES;
				CLANG_WARN_INT_CONVERSION = YES;
				CLANG_WARN_NON_LITERAL_NULL_CONVERSION = YES;
				CLANG_WARN_OBJC_LITERAL_CONVERSION = YES;
				CLANG_WARN_OBJC_ROOT_CLASS = YES_ERROR;
				CLANG_WARN_RANGE_LOOP_ANALYSIS = YES;
				CLANG_WARN_STRICT_PROTOTYPES = YES;
				CLANG_WARN_SUSPICIOUS_MOVE = YES;
				CLANG_WARN_UNGUARDED_AVAILABILITY = YES_AGGRESSIVE;
				CLANG_WARN_UNREACHABLE_CODE = YES;
				CLANG_WARN__DUPLICATE_METHOD_MATCH = YES;
				CODE_SIGN_IDENTITY = "iPhone Developer";
				COPY_PHASE_STRIP = NO;
				DEBUG_INFORMATION_FORMAT = "dwarf-with-dsym";
				ENABLE_NS_ASSERTIONS = NO;
				ENABLE_STRICT_OBJC_MSGSEND = YES;
				GCC_C_LANGUAGE_STANDARD = gnu11;
				GCC_NO_COMMON_BLOCKS = YES;
				GCC_WARN_64_TO_32_BIT_CONVERSION = YES;
				GCC_WARN_ABOUT_RETURN_TYPE = YES_ERROR;
				GCC_WARN_UNDECLARED_SELECTOR = YES;
				GCC_WARN_UNINITIALIZED_AUTOS = YES_AGGRESSIVE;
				GCC_WARN_UNUSED_FUNCTION = YES;
				GCC_WARN_UNUSED_VARIABLE = YES;
				IPHONEOS_DEPLOYMENT_TARGET = 11.1;
				MTL_ENABLE_DEBUG_INFO = NO;
				SDKROOT = iphoneos;
				SWIFT_OPTIMIZATION_LEVEL = "-Owholemodule";
				VALIDATE_PRODUCT = YES;
			};
			name = Release;
		};
		1FC8F12A1FC5E3A2004EE87D /* Debug */ = {
			isa = XCBuildConfiguration;
			buildSettings = {
				ASSETCATALOG_COMPILER_APPICON_NAME = AppIcon;
				CODE_SIGN_STYLE = Automatic;
				DEVELOPMENT_TEAM = JBEYETDGSB;
				INFOPLIST_FILE = AnimationsAutoLayoutConstraints/Info.plist;
				LD_RUNPATH_SEARCH_PATHS = "$(inherited) @executable_path/Frameworks";
				PRODUCT_BUNDLE_IDENTIFIER = com.nMfpereira.AnimationsAutoLayoutConstraints;
				PRODUCT_NAME = "$(TARGET_NAME)";
				SWIFT_VERSION = 4.0;
				TARGETED_DEVICE_FAMILY = "1,2";
			};
			name = Debug;
		};
		1FC8F12B1FC5E3A2004EE87D /* Release */ = {
			isa = XCBuildConfiguration;
			buildSettings = {
				ASSETCATALOG_COMPILER_APPICON_NAME = AppIcon;
				CODE_SIGN_STYLE = Automatic;
				DEVELOPMENT_TEAM = JBEYETDGSB;
				INFOPLIST_FILE = AnimationsAutoLayoutConstraints/Info.plist;
				LD_RUNPATH_SEARCH_PATHS = "$(inherited) @executable_path/Frameworks";
				PRODUCT_BUNDLE_IDENTIFIER = com.nMfpereira.AnimationsAutoLayoutConstraints;
				PRODUCT_NAME = "$(TARGET_NAME)";
				SWIFT_VERSION = 4.0;
				TARGETED_DEVICE_FAMILY = "1,2";
			};
			name = Release;
		};
/* End XCBuildConfiguration section */

/* Begin XCConfigurationList section */
		1FC8F1121FC5E3A1004EE87D /* Build configuration list for PBXProject "AnimationsAutoLayoutConstraints" */ = {
			isa = XCConfigurationList;
			buildConfigurations = (
				1FC8F1271FC5E3A2004EE87D /* Debug */,
				1FC8F1281FC5E3A2004EE87D /* Release */,
			);
			defaultConfigurationIsVisible = 0;
			defaultConfigurationName = Release;
		};
		1FC8F1291FC5E3A2004EE87D /* Build configuration list for PBXNativeTarget "AnimationsAutoLayoutConstraints" */ = {
			isa = XCConfigurationList;
			buildConfigurations = (
				1FC8F12A1FC5E3A2004EE87D /* Debug */,
				1FC8F12B1FC5E3A2004EE87D /* Release */,
			);
			defaultConfigurationIsVisible = 0;
			defaultConfigurationName = Release;
		};
/* End XCConfigurationList section */
	};
	rootObject = 1FC8F10F1FC5E3A1004EE87D /* Project object */;
}
